// !$*UTF8*$!
{
	archiveVersion = 1;
	classes = {
	};
	objectVersion = 46;
	objects = {

/* Begin PBXBuildFile section */
		841F65391F4208FA00F36D4F /* AppDelegate.swift in Sources */ = {isa = PBXBuildFile; fileRef = 841F65381F4208FA00F36D4F /* AppDelegate.swift */; };
		841F653B1F4208FA00F36D4F /* FormularioViewController.swift in Sources */ = {isa = PBXBuildFile; fileRef = 841F653A1F4208FA00F36D4F /* FormularioViewController.swift */; };
		841F653E1F4208FA00F36D4F /* Main.storyboard in Resources */ = {isa = PBXBuildFile; fileRef = 841F653C1F4208FA00F36D4F /* Main.storyboard */; };
		841F65401F4208FA00F36D4F /* Assets.xcassets in Resources */ = {isa = PBXBuildFile; fileRef = 841F653F1F4208FA00F36D4F /* Assets.xcassets */; };
		841F65431F4208FA00F36D4F /* LaunchScreen.storyboard in Resources */ = {isa = PBXBuildFile; fileRef = 841F65411F4208FA00F36D4F /* LaunchScreen.storyboard */; };
		841F654E1F4209D100F36D4F /* Viagem.swift in Sources */ = {isa = PBXBuildFile; fileRef = 841F654D1F4209D100F36D4F /* Viagem.swift */; };
		841F65521F420E0900F36D4F /* Cadastro.swift in Sources */ = {isa = PBXBuildFile; fileRef = 841F65511F420E0900F36D4F /* Cadastro.swift */; };
		841F65541F421ECE00F36D4F /* ListarTableViewController.swift in Sources */ = {isa = PBXBuildFile; fileRef = 841F65531F421ECE00F36D4F /* ListarTableViewController.swift */; };
/* End PBXBuildFile section */

/* Begin PBXFileReference section */
		841F65351F4208FA00F36D4F /* Viagem.app */ = {isa = PBXFileReference; explicitFileType = wrapper.application; includeInIndex = 0; path = Viagem.app; sourceTree = BUILT_PRODUCTS_DIR; };
		841F65381F4208FA00F36D4F /* AppDelegate.swift */ = {isa = PBXFileReference; lastKnownFileType = sourcecode.swift; path = AppDelegate.swift; sourceTree = "<group>"; };
		841F653A1F4208FA00F36D4F /* FormularioViewController.swift */ = {isa = PBXFileReference; lastKnownFileType = sourcecode.swift; path = FormularioViewController.swift; sourceTree = "<group>"; };
		841F653D1F4208FA00F36D4F /* Base */ = {isa = PBXFileReference; lastKnownFileType = file.storyboard; name = Base; path = Base.lproj/Main.storyboard; sourceTree = "<group>"; };
		841F653F1F4208FA00F36D4F /* Assets.xcassets */ = {isa = PBXFileReference; lastKnownFileType = folder.assetcatalog; path = Assets.xcassets; sourceTree = "<group>"; };
		841F65421F4208FA00F36D4F /* Base */ = {isa = PBXFileReference; lastKnownFileType = file.storyboard; name = Base; path = Base.lproj/LaunchScreen.storyboard; sourceTree = "<group>"; };
		841F65441F4208FA00F36D4F /* Info.plist */ = {isa = PBXFileReference; lastKnownFileType = text.plist.xml; path = Info.plist; sourceTree = "<group>"; };
		841F654D1F4209D100F36D4F /* Viagem.swift */ = {isa = PBXFileReference; fileEncoding = 4; lastKnownFileType = sourcecode.swift; path = Viagem.swift; sourceTree = "<group>"; };
		841F65511F420E0900F36D4F /* Cadastro.swift */ = {isa = PBXFileReference; fileEncoding = 4; lastKnownFileType = sourcecode.swift; path = Cadastro.swift; sourceTree = "<group>"; };
		841F65531F421ECE00F36D4F /* ListarTableViewController.swift */ = {isa = PBXFileReference; fileEncoding = 4; lastKnownFileType = sourcecode.swift; path = ListarTableViewController.swift; sourceTree = "<group>"; };
/* End PBXFileReference section */

/* Begin PBXFrameworksBuildPhase section */
		841F65321F4208FA00F36D4F /* Frameworks */ = {
			isa = PBXFrameworksBuildPhase;
			buildActionMask = 2147483647;
			files = (
			);
			runOnlyForDeploymentPostprocessing = 0;
		};
/* End PBXFrameworksBuildPhase section */

/* Begin PBXGroup section */
		841F652C1F4208FA00F36D4F = {
			isa = PBXGroup;
			children = (
				841F65371F4208FA00F36D4F /* Viagem */,
				841F65361F4208FA00F36D4F /* Products */,
			);
			sourceTree = "<group>";
		};
		841F65361F4208FA00F36D4F /* Products */ = {
			isa = PBXGroup;
			children = (
				841F65351F4208FA00F36D4F /* Viagem.app */,
			);
			name = Products;
			sourceTree = "<group>";
		};
		841F65371F4208FA00F36D4F /* Viagem */ = {
			isa = PBXGroup;
			children = (
				841F654C1F42093500F36D4F /* Controller */,
				841F654B1F42093000F36D4F /* View */,
				841F654A1F42092900F36D4F /* Model */,
				841F65381F4208FA00F36D4F /* AppDelegate.swift */,
				841F653F1F4208FA00F36D4F /* Assets.xcassets */,
				841F65411F4208FA00F36D4F /* LaunchScreen.storyboard */,
				841F65441F4208FA00F36D4F /* Info.plist */,
			);
			path = Viagem;
			sourceTree = "<group>";
		};
		841F654A1F42092900F36D4F /* Model */ = {
			isa = PBXGroup;
			children = (
				841F654D1F4209D100F36D4F /* Viagem.swift */,
				841F65511F420E0900F36D4F /* Cadastro.swift */,
			);
			name = Model;
			sourceTree = "<group>";
		};
		841F654B1F42093000F36D4F /* View */ = {
			isa = PBXGroup;
			children = (
				841F653C1F4208FA00F36D4F /* Main.storyboard */,
			);
			name = View;
			sourceTree = "<group>";
		};
		841F654C1F42093500F36D4F /* Controller */ = {
			isa = PBXGroup;
			children = (
				841F653A1F4208FA00F36D4F /* FormularioViewController.swift */,
				841F65531F421ECE00F36D4F /* ListarTableViewController.swift */,
			);
			name = Controller;
			sourceTree = "<group>";
		};
/* End PBXGroup section */

/* Begin PBXNativeTarget section */
		841F65341F4208FA00F36D4F /* Viagem */ = {
			isa = PBXNativeTarget;
			buildConfigurationList = 841F65471F4208FA00F36D4F /* Build configuration list for PBXNativeTarget "Viagem" */;
			buildPhases = (
				841F65311F4208FA00F36D4F /* Sources */,
				841F65321F4208FA00F36D4F /* Frameworks */,
				841F65331F4208FA00F36D4F /* Resources */,
			);
			buildRules = (
			);
			dependencies = (
			);
			name = Viagem;
			productName = Viagem;
			productReference = 841F65351F4208FA00F36D4F /* Viagem.app */;
			productType = "com.apple.product-type.application";
		};
/* End PBXNativeTarget section */

/* Begin PBXProject section */
		841F652D1F4208FA00F36D4F /* Project object */ = {
			isa = PBXProject;
			attributes = {
				LastSwiftUpdateCheck = 0820;
				LastUpgradeCheck = 0820;
				ORGANIZATIONNAME = mauriciodelira;
				TargetAttributes = {
					841F65341F4208FA00F36D4F = {
						CreatedOnToolsVersion = 8.2.1;
						ProvisioningStyle = Automatic;
					};
				};
			};
			buildConfigurationList = 841F65301F4208FA00F36D4F /* Build configuration list for PBXProject "Viagem" */;
			compatibilityVersion = "Xcode 3.2";
			developmentRegion = English;
			hasScannedForEncodings = 0;
			knownRegions = (
				en,
				Base,
			);
			mainGroup = 841F652C1F4208FA00F36D4F;
			productRefGroup = 841F65361F4208FA00F36D4F /* Products */;
			projectDirPath = "";
			projectRoot = "";
			targets = (
				841F65341F4208FA00F36D4F /* Viagem */,
			);
		};
/* End PBXProject section */

/* Begin PBXResourcesBuildPhase section */
		841F65331F4208FA00F36D4F /* Resources */ = {
			isa = PBXResourcesBuildPhase;
			buildActionMask = 2147483647;
			files = (
				841F65431F4208FA00F36D4F /* LaunchScreen.storyboard in Resources */,
				841F65401F4208FA00F36D4F /* Assets.xcassets in Resources */,
				841F653E1F4208FA00F36D4F /* Main.storyboard in Resources */,
			);
			runOnlyForDeploymentPostprocessing = 0;
		};
/* End PBXResourcesBuildPhase section */

/* Begin PBXSourcesBuildPhase section */
		841F65311F4208FA00F36D4F /* Sources */ = {
			isa = PBXSourcesBuildPhase;
			buildActionMask = 2147483647;
			files = (
				841F65521F420E0900F36D4F /* Cadastro.swift in Sources */,
				841F653B1F4208FA00F36D4F /* FormularioViewController.swift in Sources */,
				841F654E1F4209D100F36D4F /* Viagem.swift in Sources */,
				841F65541F421ECE00F36D4F /* ListarTableViewController.swift in Sources */,
				841F65391F4208FA00F36D4F /* AppDelegate.swift in Sources */,
			);
			runOnlyForDeploymentPostprocessing = 0;
		};
/* End PBXSourcesBuildPhase section */

/* Begin PBXVariantGroup section */
		841F653C1F4208FA00F36D4F /* Main.storyboard */ = {
			isa = PBXVariantGroup;
			children = (
				841F653D1F4208FA00F36D4F /* Base */,
			);
			name = Main.storyboard;
			sourceTree = "<group>";
		};
		841F65411F4208FA00F36D4F /* LaunchScreen.storyboard */ = {
			isa = PBXVariantGroup;
			children = (
				841F65421F4208FA00F36D4F /* Base */,
			);
			name = LaunchScreen.storyboard;
			sourceTree = "<group>";
		};
/* End PBXVariantGroup section */

/* Begin XCBuildConfiguration section */
		841F65451F4208FA00F36D4F /* Debug */ = {
			isa = XCBuildConfiguration;
			buildSettings = {
				ALWAYS_SEARCH_USER_PATHS = NO;
				CLANG_ANALYZER_NONNULL = YES;
				CLANG_CXX_LANGUAGE_STANDARD = "gnu++0x";
				CLANG_CXX_LIBRARY = "libc++";
				CLANG_ENABLE_MODULES = YES;
				CLANG_ENABLE_OBJC_ARC = YES;
				CLANG_WARN_BOOL_CONVERSION = YES;
				CLANG_WARN_CONSTANT_CONVERSION = YES;
				CLANG_WARN_DIRECT_OBJC_ISA_USAGE = YES_ERROR;
				CLANG_WARN_DOCUMENTATION_COMMENTS = YES;
				CLANG_WARN_EMPTY_BODY = YES;
				CLANG_WARN_ENUM_CONVERSION = YES;
				CLANG_WARN_INFINITE_RECURSION = YES;
				CLANG_WARN_INT_CONVERSION = YES;
				CLANG_WARN_OBJC_ROOT_CLASS = YES_ERROR;
				CLANG_WARN_SUSPICIOUS_MOVE = YES;
				CLANG_WARN_UNREACHABLE_CODE = YES;
				CLANG_WARN__DUPLICATE_METHOD_MATCH = YES;
				"CODE_SIGN_IDENTITY[sdk=iphoneos*]" = "iPhone Developer";
				COPY_PHASE_STRIP = NO;
				DEBUG_INFORMATION_FORMAT = dwarf;
				ENABLE_STRICT_OBJC_MSGSEND = YES;
				ENABLE_TESTABILITY = YES;
				GCC_C_LANGUAGE_STANDARD = gnu99;
				GCC_DYNAMIC_NO_PIC = NO;
				GCC_NO_COMMON_BLOCKS = YES;
				GCC_OPTIMIZATION_LEVEL = 0;
				GCC_PREPROCESSOR_DEFINITIONS = (
					"DEBUG=1",
					"$(inherited)",
				);
				GCC_WARN_64_TO_32_BIT_CONVERSION = YES;
				GCC_WARN_ABOUT_RETURN_TYPE = YES_ERROR;
				GCC_WARN_UNDECLARED_SELECTOR = YES;
				GCC_WARN_UNINITIALIZED_AUTOS = YES_AGGRESSIVE;
				GCC_WARN_UNUSED_FUNCTION = YES;
				GCC_WARN_UNUSED_VARIABLE = YES;
				IPHONEOS_DEPLOYMENT_TARGET = 10.2;
				MTL_ENABLE_DEBUG_INFO = YES;
				ONLY_ACTIVE_ARCH = YES;
				SDKROOT = iphoneos;
				SWIFT_ACTIVE_COMPILATION_CONDITIONS = DEBUG;
				SWIFT_OPTIMIZATION_LEVEL = "-Onone";
			};
			name = Debug;
		};
		841F65461F4208FA00F36D4F /* Release */ = {
			isa = XCBuildConfiguration;
			buildSettings = {
				ALWAYS_SEARCH_USER_PATHS = NO;
				CLANG_ANALYZER_NONNULL = YES;
				CLANG_CXX_LANGUAGE_STANDARD = "gnu++0x";
				CLANG_CXX_LIBRARY = "libc++";
				CLANG_ENABLE_MODULES = YES;
				CLANG_ENABLE_OBJC_ARC = YES;
				CLANG_WARN_BOOL_CONVERSION = YES;
				CLANG_WARN_CONSTANT_CONVERSION = YES;
				CLANG_WARN_DIRECT_OBJC_ISA_USAGE = YES_ERROR;
				CLANG_WARN_DOCUMENTATION_COMMENTS = YES;
				CLANG_WARN_EMPTY_BODY = YES;
				CLANG_WARN_ENUM_CONVERSION = YES;
				CLANG_WARN_INFINITE_RECURSION = YES;
				CLANG_WARN_INT_CONVERSION = YES;
				CLANG_WARN_OBJC_ROOT_CLASS = YES_ERROR;
				CLANG_WARN_SUSPICIOUS_MOVE = YES;
				CLANG_WARN_UNREACHABLE_CODE = YES;
				CLANG_WARN__DUPLICATE_METHOD_MATCH = YES;
				"CODE_SIGN_IDENTITY[sdk=iphoneos*]" = "iPhone Developer";
				COPY_PHASE_STRIP = NO;
				DEBUG_INFORMATION_FORMAT = "dwarf-with-dsym";
				ENABLE_NS_ASSERTIONS = NO;
				ENABLE_STRICT_OBJC_MSGSEND = YES;
				GCC_C_LANGUAGE_STANDARD = gnu99;
				GCC_NO_COMMON_BLOCKS = YES;
				GCC_WARN_64_TO_32_BIT_CONVERSION = YES;
				GCC_WARN_ABOUT_RETURN_TYPE = YES_ERROR;
				GCC_WARN_UNDECLARED_SELECTOR = YES;
				GCC_WARN_UNINITIALIZED_AUTOS = YES_AGGRESSIVE;
				GCC_WARN_UNUSED_FUNCTION = YES;
				GCC_WARN_UNUSED_VARIABLE = YES;
				IPHONEOS_DEPLOYMENT_TARGET = 10.2;
				MTL_ENABLE_DEBUG_INFO = NO;
				SDKROOT = iphoneos;
				SWIFT_OPTIMIZATION_LEVEL = "-Owholemodule";
				VALIDATE_PRODUCT = YES;
			};
			name = Release;
		};
		841F65481F4208FA00F36D4F /* Debug */ = {
			isa = XCBuildConfiguration;
			buildSettings = {
				ASSETCATALOG_COMPILER_APPICON_NAME = AppIcon;
				INFOPLIST_FILE = Viagem/Info.plist;
				LD_RUNPATH_SEARCH_PATHS = "$(inherited) @executable_path/Frameworks";
				PRODUCT_BUNDLE_IDENTIFIER = br.edu.ifpb.si.pdm.Viagem;
				PRODUCT_NAME = "$(TARGET_NAME)";
				SWIFT_VERSION = 3.0;
			};
			name = Debug;
		};
		841F65491F4208FA00F36D4F /* Release */ = {
			isa = XCBuildConfiguration;
			buildSettings = {
				ASSETCATALOG_COMPILER_APPICON_NAME = AppIcon;
				INFOPLIST_FILE = Viagem/Info.plist;
				LD_RUNPATH_SEARCH_PATHS = "$(inherited) @executable_path/Frameworks";
				PRODUCT_BUNDLE_IDENTIFIER = br.edu.ifpb.si.pdm.Viagem;
				PRODUCT_NAME = "$(TARGET_NAME)";
				SWIFT_VERSION = 3.0;
			};
			name = Release;
		};
/* End XCBuildConfiguration section */

/* Begin XCConfigurationList section */
		841F65301F4208FA00F36D4F /* Build configuration list for PBXProject "Viagem" */ = {
			isa = XCConfigurationList;
			buildConfigurations = (
				841F65451F4208FA00F36D4F /* Debug */,
				841F65461F4208FA00F36D4F /* Release */,
			);
			defaultConfigurationIsVisible = 0;
			defaultConfigurationName = Release;
		};
		841F65471F4208FA00F36D4F /* Build configuration list for PBXNativeTarget "Viagem" */ = {
			isa = XCConfigurationList;
			buildConfigurations = (
				841F65481F4208FA00F36D4F /* Debug */,
				841F65491F4208FA00F36D4F /* Release */,
			);
			defaultConfigurationIsVisible = 0;
		};
/* End XCConfigurationList section */
	};
	rootObject = 841F652D1F4208FA00F36D4F /* Project object */;
}
