// !$*UTF8*$!
{
	archiveVersion = 1;
	classes = {
	};
	objectVersion = 46;
	objects = {

/* Begin PBXBuildFile section */
		843F821F1F34E3140015AF2E /* Pessoa.swift in Sources */ = {isa = PBXBuildFile; fileRef = 843F821E1F34E3140015AF2E /* Pessoa.swift */; };
		843F82211F34E4940015AF2E /* Cadastro.swift in Sources */ = {isa = PBXBuildFile; fileRef = 843F82201F34E4940015AF2E /* Cadastro.swift */; };
		84F384AA1F34DB6A00A1F5EE /* AppDelegate.swift in Sources */ = {isa = PBXBuildFile; fileRef = 84F384A91F34DB6A00A1F5EE /* AppDelegate.swift */; };
		84F384AC1F34DB6A00A1F5EE /* ViewController.swift in Sources */ = {isa = PBXBuildFile; fileRef = 84F384AB1F34DB6A00A1F5EE /* ViewController.swift */; };
		84F384AF1F34DB6A00A1F5EE /* Main.storyboard in Resources */ = {isa = PBXBuildFile; fileRef = 84F384AD1F34DB6A00A1F5EE /* Main.storyboard */; };
		84F384B11F34DB6A00A1F5EE /* Assets.xcassets in Resources */ = {isa = PBXBuildFile; fileRef = 84F384B01F34DB6A00A1F5EE /* Assets.xcassets */; };
		84F384B41F34DB6A00A1F5EE /* LaunchScreen.storyboard in Resources */ = {isa = PBXBuildFile; fileRef = 84F384B21F34DB6A00A1F5EE /* LaunchScreen.storyboard */; };
/* End PBXBuildFile section */

/* Begin PBXFileReference section */
		843F821E1F34E3140015AF2E /* Pessoa.swift */ = {isa = PBXFileReference; fileEncoding = 4; lastKnownFileType = sourcecode.swift; path = Pessoa.swift; sourceTree = "<group>"; };
		843F82201F34E4940015AF2E /* Cadastro.swift */ = {isa = PBXFileReference; fileEncoding = 4; lastKnownFileType = sourcecode.swift; path = Cadastro.swift; sourceTree = "<group>"; };
		84F384A61F34DB6A00A1F5EE /* Pessoas.app */ = {isa = PBXFileReference; explicitFileType = wrapper.application; includeInIndex = 0; path = Pessoas.app; sourceTree = BUILT_PRODUCTS_DIR; };
		84F384A91F34DB6A00A1F5EE /* AppDelegate.swift */ = {isa = PBXFileReference; lastKnownFileType = sourcecode.swift; path = AppDelegate.swift; sourceTree = "<group>"; };
		84F384AB1F34DB6A00A1F5EE /* ViewController.swift */ = {isa = PBXFileReference; lastKnownFileType = sourcecode.swift; path = ViewController.swift; sourceTree = "<group>"; };
		84F384AE1F34DB6A00A1F5EE /* Base */ = {isa = PBXFileReference; lastKnownFileType = file.storyboard; name = Base; path = Base.lproj/Main.storyboard; sourceTree = "<group>"; };
		84F384B01F34DB6A00A1F5EE /* Assets.xcassets */ = {isa = PBXFileReference; lastKnownFileType = folder.assetcatalog; path = Assets.xcassets; sourceTree = "<group>"; };
		84F384B31F34DB6A00A1F5EE /* Base */ = {isa = PBXFileReference; lastKnownFileType = file.storyboard; name = Base; path = Base.lproj/LaunchScreen.storyboard; sourceTree = "<group>"; };
		84F384B51F34DB6A00A1F5EE /* Info.plist */ = {isa = PBXFileReference; lastKnownFileType = text.plist.xml; path = Info.plist; sourceTree = "<group>"; };
/* End PBXFileReference section */

/* Begin PBXFrameworksBuildPhase section */
		84F384A31F34DB6700A1F5EE /* Frameworks */ = {
			isa = PBXFrameworksBuildPhase;
			buildActionMask = 2147483647;
			files = (
			);
			runOnlyForDeploymentPostprocessing = 0;
		};
/* End PBXFrameworksBuildPhase section */

/* Begin PBXGroup section */
		843F821B1F34E2550015AF2E /* Model */ = {
			isa = PBXGroup;
			children = (
				843F821E1F34E3140015AF2E /* Pessoa.swift */,
				843F82201F34E4940015AF2E /* Cadastro.swift */,
			);
			name = Model;
			sourceTree = "<group>";
		};
		843F821C1F34E25C0015AF2E /* Controller */ = {
			isa = PBXGroup;
			children = (
				84F384AB1F34DB6A00A1F5EE /* ViewController.swift */,
			);
			name = Controller;
			sourceTree = "<group>";
		};
		843F821D1F34E2660015AF2E /* View */ = {
			isa = PBXGroup;
			children = (
				84F384AD1F34DB6A00A1F5EE /* Main.storyboard */,
			);
			name = View;
			sourceTree = "<group>";
		};
		84F3849D1F34DB6700A1F5EE = {
			isa = PBXGroup;
			children = (
				84F384A81F34DB6A00A1F5EE /* Pessoas */,
				84F384A71F34DB6A00A1F5EE /* Products */,
			);
			sourceTree = "<group>";
		};
		84F384A71F34DB6A00A1F5EE /* Products */ = {
			isa = PBXGroup;
			children = (
				84F384A61F34DB6A00A1F5EE /* Pessoas.app */,
			);
			name = Products;
			sourceTree = "<group>";
		};
		84F384A81F34DB6A00A1F5EE /* Pessoas */ = {
			isa = PBXGroup;
			children = (
				843F821C1F34E25C0015AF2E /* Controller */,
				843F821B1F34E2550015AF2E /* Model */,
				843F821D1F34E2660015AF2E /* View */,
				84F384B01F34DB6A00A1F5EE /* Assets.xcassets */,
				84F384A91F34DB6A00A1F5EE /* AppDelegate.swift */,
				84F384B21F34DB6A00A1F5EE /* LaunchScreen.storyboard */,
				84F384B51F34DB6A00A1F5EE /* Info.plist */,
			);
			path = Pessoas;
			sourceTree = "<group>";
		};
/* End PBXGroup section */

/* Begin PBXNativeTarget section */
		84F384A51F34DB6700A1F5EE /* Pessoas */ = {
			isa = PBXNativeTarget;
			buildConfigurationList = 84F384B81F34DB6A00A1F5EE /* Build configuration list for PBXNativeTarget "Pessoas" */;
			buildPhases = (
				84F384A21F34DB6700A1F5EE /* Sources */,
				84F384A31F34DB6700A1F5EE /* Frameworks */,
				84F384A41F34DB6700A1F5EE /* Resources */,
			);
			buildRules = (
			);
			dependencies = (
			);
			name = Pessoas;
			productName = Pessoas;
			productReference = 84F384A61F34DB6A00A1F5EE /* Pessoas.app */;
			productType = "com.apple.product-type.application";
		};
/* End PBXNativeTarget section */

/* Begin PBXProject section */
		84F3849E1F34DB6700A1F5EE /* Project object */ = {
			isa = PBXProject;
			attributes = {
				LastSwiftUpdateCheck = 0820;
				LastUpgradeCheck = 0820;
				ORGANIZATIONNAME = mauriciodelira;
				TargetAttributes = {
					84F384A51F34DB6700A1F5EE = {
						CreatedOnToolsVersion = 8.2.1;
						ProvisioningStyle = Automatic;
					};
				};
			};
			buildConfigurationList = 84F384A11F34DB6700A1F5EE /* Build configuration list for PBXProject "Pessoas" */;
			compatibilityVersion = "Xcode 3.2";
			developmentRegion = English;
			hasScannedForEncodings = 0;
			knownRegions = (
				en,
				Base,
			);
			mainGroup = 84F3849D1F34DB6700A1F5EE;
			productRefGroup = 84F384A71F34DB6A00A1F5EE /* Products */;
			projectDirPath = "";
			projectRoot = "";
			targets = (
				84F384A51F34DB6700A1F5EE /* Pessoas */,
			);
		};
/* End PBXProject section */

/* Begin PBXResourcesBuildPhase section */
		84F384A41F34DB6700A1F5EE /* Resources */ = {
			isa = PBXResourcesBuildPhase;
			buildActionMask = 2147483647;
			files = (
				84F384B41F34DB6A00A1F5EE /* LaunchScreen.storyboard in Resources */,
				84F384B11F34DB6A00A1F5EE /* Assets.xcassets in Resources */,
				84F384AF1F34DB6A00A1F5EE /* Main.storyboard in Resources */,
			);
			runOnlyForDeploymentPostprocessing = 0;
		};
/* End PBXResourcesBuildPhase section */

/* Begin PBXSourcesBuildPhase section */
		84F384A21F34DB6700A1F5EE /* Sources */ = {
			isa = PBXSourcesBuildPhase;
			buildActionMask = 2147483647;
			files = (
				84F384AC1F34DB6A00A1F5EE /* ViewController.swift in Sources */,
				843F821F1F34E3140015AF2E /* Pessoa.swift in Sources */,
				843F82211F34E4940015AF2E /* Cadastro.swift in Sources */,
				84F384AA1F34DB6A00A1F5EE /* AppDelegate.swift in Sources */,
			);
			runOnlyForDeploymentPostprocessing = 0;
		};
/* End PBXSourcesBuildPhase section */

/* Begin PBXVariantGroup section */
		84F384AD1F34DB6A00A1F5EE /* Main.storyboard */ = {
			isa = PBXVariantGroup;
			children = (
				84F384AE1F34DB6A00A1F5EE /* Base */,
			);
			name = Main.storyboard;
			sourceTree = "<group>";
		};
		84F384B21F34DB6A00A1F5EE /* LaunchScreen.storyboard */ = {
			isa = PBXVariantGroup;
			children = (
				84F384B31F34DB6A00A1F5EE /* Base */,
			);
			name = LaunchScreen.storyboard;
			sourceTree = "<group>";
		};
/* End PBXVariantGroup section */

/* Begin XCBuildConfiguration section */
		84F384B61F34DB6A00A1F5EE /* Debug */ = {
			isa = XCBuildConfiguration;
			buildSettings = {
				ALWAYS_SEARCH_USER_PATHS = NO;
				CLANG_ANALYZER_NONNULL = YES;
				CLANG_CXX_LANGUAGE_STANDARD = "gnu++0x";
				CLANG_CXX_LIBRARY = "libc++";
				CLANG_ENABLE_MODULES = YES;
				CLANG_ENABLE_OBJC_ARC = YES;
				CLANG_WARN_BOOL_CONVERSION = YES;
				CLANG_WARN_CONSTANT_CONVERSION = YES;
				CLANG_WARN_DIRECT_OBJC_ISA_USAGE = YES_ERROR;
				CLANG_WARN_DOCUMENTATION_COMMENTS = YES;
				CLANG_WARN_EMPTY_BODY = YES;
				CLANG_WARN_ENUM_CONVERSION = YES;
				CLANG_WARN_INFINITE_RECURSION = YES;
				CLANG_WARN_INT_CONVERSION = YES;
				CLANG_WARN_OBJC_ROOT_CLASS = YES_ERROR;
				CLANG_WARN_SUSPICIOUS_MOVE = YES;
				CLANG_WARN_UNREACHABLE_CODE = YES;
				CLANG_WARN__DUPLICATE_METHOD_MATCH = YES;
				"CODE_SIGN_IDENTITY[sdk=iphoneos*]" = "iPhone Developer";
				COPY_PHASE_STRIP = NO;
				DEBUG_INFORMATION_FORMAT = dwarf;
				ENABLE_STRICT_OBJC_MSGSEND = YES;
				ENABLE_TESTABILITY = YES;
				GCC_C_LANGUAGE_STANDARD = gnu99;
				GCC_DYNAMIC_NO_PIC = NO;
				GCC_NO_COMMON_BLOCKS = YES;
				GCC_OPTIMIZATION_LEVEL = 0;
				GCC_PREPROCESSOR_DEFINITIONS = (
					"DEBUG=1",
					"$(inherited)",
				);
				GCC_WARN_64_TO_32_BIT_CONVERSION = YES;
				GCC_WARN_ABOUT_RETURN_TYPE = YES_ERROR;
				GCC_WARN_UNDECLARED_SELECTOR = YES;
				GCC_WARN_UNINITIALIZED_AUTOS = YES_AGGRESSIVE;
				GCC_WARN_UNUSED_FUNCTION = YES;
				GCC_WARN_UNUSED_VARIABLE = YES;
				IPHONEOS_DEPLOYMENT_TARGET = 10.2;
				MTL_ENABLE_DEBUG_INFO = YES;
				ONLY_ACTIVE_ARCH = YES;
				SDKROOT = iphoneos;
				SWIFT_ACTIVE_COMPILATION_CONDITIONS = DEBUG;
				SWIFT_OPTIMIZATION_LEVEL = "-Onone";
			};
			name = Debug;
		};
		84F384B71F34DB6A00A1F5EE /* Release */ = {
			isa = XCBuildConfiguration;
			buildSettings = {
				ALWAYS_SEARCH_USER_PATHS = NO;
				CLANG_ANALYZER_NONNULL = YES;
				CLANG_CXX_LANGUAGE_STANDARD = "gnu++0x";
				CLANG_CXX_LIBRARY = "libc++";
				CLANG_ENABLE_MODULES = YES;
				CLANG_ENABLE_OBJC_ARC = YES;
				CLANG_WARN_BOOL_CONVERSION = YES;
				CLANG_WARN_CONSTANT_CONVERSION = YES;
				CLANG_WARN_DIRECT_OBJC_ISA_USAGE = YES_ERROR;
				CLANG_WARN_DOCUMENTATION_COMMENTS = YES;
				CLANG_WARN_EMPTY_BODY = YES;
				CLANG_WARN_ENUM_CONVERSION = YES;
				CLANG_WARN_INFINITE_RECURSION = YES;
				CLANG_WARN_INT_CONVERSION = YES;
				CLANG_WARN_OBJC_ROOT_CLASS = YES_ERROR;
				CLANG_WARN_SUSPICIOUS_MOVE = YES;
				CLANG_WARN_UNREACHABLE_CODE = YES;
				CLANG_WARN__DUPLICATE_METHOD_MATCH = YES;
				"CODE_SIGN_IDENTITY[sdk=iphoneos*]" = "iPhone Developer";
				COPY_PHASE_STRIP = NO;
				DEBUG_INFORMATION_FORMAT = "dwarf-with-dsym";
				ENABLE_NS_ASSERTIONS = NO;
				ENABLE_STRICT_OBJC_MSGSEND = YES;
				GCC_C_LANGUAGE_STANDARD = gnu99;
				GCC_NO_COMMON_BLOCKS = YES;
				GCC_WARN_64_TO_32_BIT_CONVERSION = YES;
				GCC_WARN_ABOUT_RETURN_TYPE = YES_ERROR;
				GCC_WARN_UNDECLARED_SELECTOR = YES;
				GCC_WARN_UNINITIALIZED_AUTOS = YES_AGGRESSIVE;
				GCC_WARN_UNUSED_FUNCTION = YES;
				GCC_WARN_UNUSED_VARIABLE = YES;
				IPHONEOS_DEPLOYMENT_TARGET = 10.2;
				MTL_ENABLE_DEBUG_INFO = NO;
				SDKROOT = iphoneos;
				SWIFT_OPTIMIZATION_LEVEL = "-Owholemodule";
				VALIDATE_PRODUCT = YES;
			};
			name = Release;
		};
		84F384B91F34DB6A00A1F5EE /* Debug */ = {
			isa = XCBuildConfiguration;
			buildSettings = {
				ASSETCATALOG_COMPILER_APPICON_NAME = AppIcon;
				INFOPLIST_FILE = Pessoas/Info.plist;
				LD_RUNPATH_SEARCH_PATHS = "$(inherited) @executable_path/Frameworks";
				PRODUCT_BUNDLE_IDENTIFIER = br.edu.ifpb.si.pdm.Pessoas;
				PRODUCT_NAME = "$(TARGET_NAME)";
				SWIFT_VERSION = 3.0;
			};
			name = Debug;
		};
		84F384BA1F34DB6A00A1F5EE /* Release */ = {
			isa = XCBuildConfiguration;
			buildSettings = {
				ASSETCATALOG_COMPILER_APPICON_NAME = AppIcon;
				INFOPLIST_FILE = Pessoas/Info.plist;
				LD_RUNPATH_SEARCH_PATHS = "$(inherited) @executable_path/Frameworks";
				PRODUCT_BUNDLE_IDENTIFIER = br.edu.ifpb.si.pdm.Pessoas;
				PRODUCT_NAME = "$(TARGET_NAME)";
				SWIFT_VERSION = 3.0;
			};
			name = Release;
		};
/* End XCBuildConfiguration section */

/* Begin XCConfigurationList section */
		84F384A11F34DB6700A1F5EE /* Build configuration list for PBXProject "Pessoas" */ = {
			isa = XCConfigurationList;
			buildConfigurations = (
				84F384B61F34DB6A00A1F5EE /* Debug */,
				84F384B71F34DB6A00A1F5EE /* Release */,
			);
			defaultConfigurationIsVisible = 0;
			defaultConfigurationName = Release;
		};
		84F384B81F34DB6A00A1F5EE /* Build configuration list for PBXNativeTarget "Pessoas" */ = {
			isa = XCConfigurationList;
			buildConfigurations = (
				84F384B91F34DB6A00A1F5EE /* Debug */,
				84F384BA1F34DB6A00A1F5EE /* Release */,
			);
			defaultConfigurationIsVisible = 0;
			defaultConfigurationName = Release;
		};
/* End XCConfigurationList section */
	};
	rootObject = 84F3849E1F34DB6700A1F5EE /* Project object */;
}
